Microsoft Visual Studio Solution File, Format Version 12.00
# Visual Studio 14
VisualStudioVersion = 14.0.25420.1
MinimumVisualStudioVersion = 10.0.40219.1
Project("{FAE04EC0-301F-11D3-BF4B-00C04F79EFBC}") = "MyClasses", "..\MyClasses\MyClasses.csproj", "{9026CA9C-FB1D-400D-B23D-9E57C27AF453}"
EndProject
Project("{FAE04EC0-301F-11D3-BF4B-00C04F79EFBC}") = "MyControls", "..\MyControls\MyControls.csproj", "{C1838795-2A07-4425-AD21-F5429A9BA793}"
	ProjectSection(ProjectDependencies) = postProject
		{B3EE07EB-CB67-4BBF-9B2B-E1F82F1C3EBC} = {B3EE07EB-CB67-4BBF-9B2B-E1F82F1C3EBC}
	EndProjectSection
EndProject
Project("{FAE04EC0-301F-11D3-BF4B-00C04F79EFBC}") = "Photoshopper", "..\Photoshopper\Photoshopper.csproj", "{7F629C4F-F35B-4D16-AAD5-6384125BD942}"
EndProject
Project("{FAE04EC0-301F-11D3-BF4B-00C04F79EFBC}") = "WebFramerCS2ControlLibrary", "..\WebFramer Control Library\WebFramerCS2ControlLibrary.csproj", "{4420B4E5-9229-4C2E-B009-9F865EAE1047}"
EndProject
Project("{FAE04EC0-301F-11D3-BF4B-00C04F79EFBC}") = "NPlot", "..\NPlot\lib\NPlot.csproj", "{E6867FF5-74EC-4464-8958-D71CB46232F3}"
EndProject
Project("{FAE04EC0-301F-11D3-BF4B-00C04F79EFBC}") = "NPlotDemo", "..\NPlot\demos\cs\NPlotDemo.csproj", "{7427C7A7-6CB0-4CB3-A0DB-F11603C5C29A}"
EndProject
Project("{8BC9CEB8-8B4A-11D0-8D11-00A0C91BC942}") = "ColorProfileInformer", "..\ColorProfileInformer\ColorProfileInformer.vcxproj", "{B3EE07EB-CB67-4BBF-9B2B-E1F82F1C3EBC}"
EndProject
Project("{FAE04EC0-301F-11D3-BF4B-00C04F79EFBC}") = "ImageManager", "..\ImageManager\ImageManager.csproj", "{2F1B86EE-9A7F-4948-B15A-C123CCD57EF5}"
EndProject
Project("{FAE04EC0-301F-11D3-BF4B-00C04F79EFBC}") = "Photoshop Utilities", "Photoshop Utilities.csproj", "{9D4763DA-25F6-4339-A584-669ECAFDBABE}"
EndProject
Project("{FAE04EC0-301F-11D3-BF4B-00C04F79EFBC}") = "Photoshop Support", "..\Photoshop Support\Photoshop Support.csproj", "{CB80D034-8602-4FDE-AF02-B1A2975C17A5}"
EndProject
Global
	GlobalSection(SolutionConfigurationPlatforms) = preSolution
		Debug|Any CPU = Debug|Any CPU
		Debug|Mixed Platforms = Debug|Mixed Platforms
		Debug|Win32 = Debug|Win32
		Debug|x64 = Debug|x64
		Debug|x86 = Debug|x86
		Debug64|Any CPU = Debug64|Any CPU
		Debug64|Mixed Platforms = Debug64|Mixed Platforms
		Debug64|Win32 = Debug64|Win32
		Debug64|x64 = Debug64|x64
		Debug64|x86 = Debug64|x86
		Release|Any CPU = Release|Any CPU
		Release|Mixed Platforms = Release|Mixed Platforms
		Release|Win32 = Release|Win32
		Release|x64 = Release|x64
		Release|x86 = Release|x86
	EndGlobalSection
	GlobalSection(ProjectConfigurationPlatforms) = postSolution
		{9026CA9C-FB1D-400D-B23D-9E57C27AF453}.Debug|Any CPU.ActiveCfg = Debug|Any CPU
		{9026CA9C-FB1D-400D-B23D-9E57C27AF453}.Debug|Any CPU.Build.0 = Debug|Any CPU
		{9026CA9C-FB1D-400D-B23D-9E57C27AF453}.Debug|Mixed Platforms.ActiveCfg = Debug|Any CPU
		{9026CA9C-FB1D-400D-B23D-9E57C27AF453}.Debug|Mixed Platforms.Build.0 = Debug|Any CPU
		{9026CA9C-FB1D-400D-B23D-9E57C27AF453}.Debug|Win32.ActiveCfg = Debug|x86
		{9026CA9C-FB1D-400D-B23D-9E57C27AF453}.Debug|Win32.Build.0 = Debug|x86
		{9026CA9C-FB1D-400D-B23D-9E57C27AF453}.Debug|x64.ActiveCfg = Debug|x64
		{9026CA9C-FB1D-400D-B23D-9E57C27AF453}.Debug|x64.Build.0 = Debug|x64
		{9026CA9C-FB1D-400D-B23D-9E57C27AF453}.Debug|x86.ActiveCfg = Debug|x86
		{9026CA9C-FB1D-400D-B23D-9E57C27AF453}.Debug|x86.Build.0 = Debug|x86
		{9026CA9C-FB1D-400D-B23D-9E57C27AF453}.Debug64|Any CPU.ActiveCfg = Debug64|Any CPU
		{9026CA9C-FB1D-400D-B23D-9E57C27AF453}.Debug64|Any CPU.Build.0 = Debug64|Any CPU
		{9026CA9C-FB1D-400D-B23D-9E57C27AF453}.Debug64|Mixed Platforms.ActiveCfg = Debug64|x64
		{9026CA9C-FB1D-400D-B23D-9E57C27AF453}.Debug64|Mixed Platforms.Build.0 = Debug64|x64
		{9026CA9C-FB1D-400D-B23D-9E57C27AF453}.Debug64|Win32.ActiveCfg = Debug64|x64
		{9026CA9C-FB1D-400D-B23D-9E57C27AF453}.Debug64|x64.ActiveCfg = Debug64|x64
		{9026CA9C-FB1D-400D-B23D-9E57C27AF453}.Debug64|x64.Build.0 = Debug64|x64
		{9026CA9C-FB1D-400D-B23D-9E57C27AF453}.Debug64|x86.ActiveCfg = Debug64|x86
		{9026CA9C-FB1D-400D-B23D-9E57C27AF453}.Debug64|x86.Build.0 = Debug64|x86
		{9026CA9C-FB1D-400D-B23D-9E57C27AF453}.Release|Any CPU.ActiveCfg = Release|Any CPU
		{9026CA9C-FB1D-400D-B23D-9E57C27AF453}.Release|Any CPU.Build.0 = Release|Any CPU
		{9026CA9C-FB1D-400D-B23D-9E57C27AF453}.Release|Mixed Platforms.ActiveCfg = Release|Any CPU
		{9026CA9C-FB1D-400D-B23D-9E57C27AF453}.Release|Mixed Platforms.Build.0 = Release|Any CPU
		{9026CA9C-FB1D-400D-B23D-9E57C27AF453}.Release|Win32.ActiveCfg = Release|Any CPU
		{9026CA9C-FB1D-400D-B23D-9E57C27AF453}.Release|x64.ActiveCfg = Release|x64
		{9026CA9C-FB1D-400D-B23D-9E57C27AF453}.Release|x64.Build.0 = Release|x64
		{9026CA9C-FB1D-400D-B23D-9E57C27AF453}.Release|x86.ActiveCfg = Release|x86
		{9026CA9C-FB1D-400D-B23D-9E57C27AF453}.Release|x86.Build.0 = Release|x86
		{C1838795-2A07-4425-AD21-F5429A9BA793}.Debug|Any CPU.ActiveCfg = Debug|Any CPU
		{C1838795-2A07-4425-AD21-F5429A9BA793}.Debug|Any CPU.Build.0 = Debug|Any CPU
		{C1838795-2A07-4425-AD21-F5429A9BA793}.Debug|Mixed Platforms.ActiveCfg = Debug|Any CPU
		{C1838795-2A07-4425-AD21-F5429A9BA793}.Debug|Mixed Platforms.Build.0 = Debug|Any CPU
		{C1838795-2A07-4425-AD21-F5429A9BA793}.Debug|Win32.ActiveCfg = Debug|x86
		{C1838795-2A07-4425-AD21-F5429A9BA793}.Debug|Win32.Build.0 = Debug|x86
		{C1838795-2A07-4425-AD21-F5429A9BA793}.Debug|x64.ActiveCfg = Debug|x64
		{C1838795-2A07-4425-AD21-F5429A9BA793}.Debug|x64.Build.0 = Debug|x64
		{C1838795-2A07-4425-AD21-F5429A9BA793}.Debug|x86.ActiveCfg = Debug|x86
		{C1838795-2A07-4425-AD21-F5429A9BA793}.Debug|x86.Build.0 = Debug|x86
		{C1838795-2A07-4425-AD21-F5429A9BA793}.Debug64|Any CPU.ActiveCfg = Debug64|Any CPU
		{C1838795-2A07-4425-AD21-F5429A9BA793}.Debug64|Any CPU.Build.0 = Debug64|Any CPU
		{C1838795-2A07-4425-AD21-F5429A9BA793}.Debug64|Mixed Platforms.ActiveCfg = Debug64|x64
		{C1838795-2A07-4425-AD21-F5429A9BA793}.Debug64|Mixed Platforms.Build.0 = Debug64|x64
		{C1838795-2A07-4425-AD21-F5429A9BA793}.Debug64|Win32.ActiveCfg = Debug64|x64
		{C1838795-2A07-4425-AD21-F5429A9BA793}.Debug64|x64.ActiveCfg = Debug64|x64
		{C1838795-2A07-4425-AD21-F5429A9BA793}.Debug64|x64.Build.0 = Debug64|x64
		{C1838795-2A07-4425-AD21-F5429A9BA793}.Debug64|x86.ActiveCfg = Debug64|x86
		{C1838795-2A07-4425-AD21-F5429A9BA793}.Debug64|x86.Build.0 = Debug64|x86
		{C1838795-2A07-4425-AD21-F5429A9BA793}.Release|Any CPU.ActiveCfg = Release|Any CPU
		{C1838795-2A07-4425-AD21-F5429A9BA793}.Release|Any CPU.Build.0 = Release|Any CPU
		{C1838795-2A07-4425-AD21-F5429A9BA793}.Release|Mixed Platforms.ActiveCfg = Release|Any CPU
		{C1838795-2A07-4425-AD21-F5429A9BA793}.Release|Mixed Platforms.Build.0 = Release|Any CPU
		{C1838795-2A07-4425-AD21-F5429A9BA793}.Release|Win32.ActiveCfg = Release|Any CPU
		{C1838795-2A07-4425-AD21-F5429A9BA793}.Release|x64.ActiveCfg = Release|x64
		{C1838795-2A07-4425-AD21-F5429A9BA793}.Release|x64.Build.0 = Release|x64
		{C1838795-2A07-4425-AD21-F5429A9BA793}.Release|x86.ActiveCfg = Release|x86
		{C1838795-2A07-4425-AD21-F5429A9BA793}.Release|x86.Build.0 = Release|x86
		{7F629C4F-F35B-4D16-AAD5-6384125BD942}.Debug|Any CPU.ActiveCfg = Debug|Any CPU
		{7F629C4F-F35B-4D16-AAD5-6384125BD942}.Debug|Any CPU.Build.0 = Debug|Any CPU
		{7F629C4F-F35B-4D16-AAD5-6384125BD942}.Debug|Mixed Platforms.ActiveCfg = Debug|Any CPU
		{7F629C4F-F35B-4D16-AAD5-6384125BD942}.Debug|Mixed Platforms.Build.0 = Debug|Any CPU
		{7F629C4F-F35B-4D16-AAD5-6384125BD942}.Debug|Win32.ActiveCfg = Debug|x86
		{7F629C4F-F35B-4D16-AAD5-6384125BD942}.Debug|Win32.Build.0 = Debug|x86
		{7F629C4F-F35B-4D16-AAD5-6384125BD942}.Debug|x64.ActiveCfg = Debug|x64
		{7F629C4F-F35B-4D16-AAD5-6384125BD942}.Debug|x64.Build.0 = Debug|x64
		{7F629C4F-F35B-4D16-AAD5-6384125BD942}.Debug|x86.ActiveCfg = Debug|x86
		{7F629C4F-F35B-4D16-AAD5-6384125BD942}.Debug|x86.Build.0 = Debug|x86
		{7F629C4F-F35B-4D16-AAD5-6384125BD942}.Debug64|Any CPU.ActiveCfg = Debug64|Any CPU
		{7F629C4F-F35B-4D16-AAD5-6384125BD942}.Debug64|Any CPU.Build.0 = Debug64|Any CPU
		{7F629C4F-F35B-4D16-AAD5-6384125BD942}.Debug64|Mixed Platforms.ActiveCfg = Debug64|x64
		{7F629C4F-F35B-4D16-AAD5-6384125BD942}.Debug64|Mixed Platforms.Build.0 = Debug64|x64
		{7F629C4F-F35B-4D16-AAD5-6384125BD942}.Debug64|Win32.ActiveCfg = Debug64|x64
		{7F629C4F-F35B-4D16-AAD5-6384125BD942}.Debug64|x64.ActiveCfg = Debug64|x64
		{7F629C4F-F35B-4D16-AAD5-6384125BD942}.Debug64|x64.Build.0 = Debug64|x64
		{7F629C4F-F35B-4D16-AAD5-6384125BD942}.Debug64|x86.ActiveCfg = Debug64|x86
		{7F629C4F-F35B-4D16-AAD5-6384125BD942}.Debug64|x86.Build.0 = Debug64|x86
		{7F629C4F-F35B-4D16-AAD5-6384125BD942}.Release|Any CPU.ActiveCfg = Release|Any CPU
		{7F629C4F-F35B-4D16-AAD5-6384125BD942}.Release|Any CPU.Build.0 = Release|Any CPU
		{7F629C4F-F35B-4D16-AAD5-6384125BD942}.Release|Mixed Platforms.ActiveCfg = Release|Any CPU
		{7F629C4F-F35B-4D16-AAD5-6384125BD942}.Release|Mixed Platforms.Build.0 = Release|Any CPU
		{7F629C4F-F35B-4D16-AAD5-6384125BD942}.Release|Win32.ActiveCfg = Release|Any CPU
		{7F629C4F-F35B-4D16-AAD5-6384125BD942}.Release|x64.ActiveCfg = Release|x64
		{7F629C4F-F35B-4D16-AAD5-6384125BD942}.Release|x64.Build.0 = Release|x64
		{7F629C4F-F35B-4D16-AAD5-6384125BD942}.Release|x86.ActiveCfg = Release|x86
		{7F629C4F-F35B-4D16-AAD5-6384125BD942}.Release|x86.Build.0 = Release|x86
		{4420B4E5-9229-4C2E-B009-9F865EAE1047}.Debug|Any CPU.ActiveCfg = Debug|Any CPU
		{4420B4E5-9229-4C2E-B009-9F865EAE1047}.Debug|Any CPU.Build.0 = Debug|Any CPU
		{4420B4E5-9229-4C2E-B009-9F865EAE1047}.Debug|Mixed Platforms.ActiveCfg = Debug|Any CPU
		{4420B4E5-9229-4C2E-B009-9F865EAE1047}.Debug|Mixed Platforms.Build.0 = Debug|Any CPU
		{4420B4E5-9229-4C2E-B009-9F865EAE1047}.Debug|Win32.ActiveCfg = Debug|x86
		{4420B4E5-9229-4C2E-B009-9F865EAE1047}.Debug|Win32.Build.0 = Debug|x86
		{4420B4E5-9229-4C2E-B009-9F865EAE1047}.Debug|x64.ActiveCfg = Debug|x64
		{4420B4E5-9229-4C2E-B009-9F865EAE1047}.Debug|x64.Build.0 = Debug|x64
		{4420B4E5-9229-4C2E-B009-9F865EAE1047}.Debug|x86.ActiveCfg = Debug|x86
		{4420B4E5-9229-4C2E-B009-9F865EAE1047}.Debug|x86.Build.0 = Debug|x86
		{4420B4E5-9229-4C2E-B009-9F865EAE1047}.Debug64|Any CPU.ActiveCfg = Debug64|Any CPU
		{4420B4E5-9229-4C2E-B009-9F865EAE1047}.Debug64|Any CPU.Build.0 = Debug64|Any CPU
		{4420B4E5-9229-4C2E-B009-9F865EAE1047}.Debug64|Mixed Platforms.ActiveCfg = Debug64|x64
		{4420B4E5-9229-4C2E-B009-9F865EAE1047}.Debug64|Mixed Platforms.Build.0 = Debug64|x64
		{4420B4E5-9229-4C2E-B009-9F865EAE1047}.Debug64|Win32.ActiveCfg = Debug64|x64
		{4420B4E5-9229-4C2E-B009-9F865EAE1047}.Debug64|x64.ActiveCfg = Debug64|x64
		{4420B4E5-9229-4C2E-B009-9F865EAE1047}.Debug64|x64.Build.0 = Debug64|x64
		{4420B4E5-9229-4C2E-B009-9F865EAE1047}.Debug64|x86.ActiveCfg = Debug64|x86
		{4420B4E5-9229-4C2E-B009-9F865EAE1047}.Debug64|x86.Build.0 = Debug64|x86
		{4420B4E5-9229-4C2E-B009-9F865EAE1047}.Release|Any CPU.ActiveCfg = Release|Any CPU
		{4420B4E5-9229-4C2E-B009-9F865EAE1047}.Release|Any CPU.Build.0 = Release|Any CPU
		{4420B4E5-9229-4C2E-B009-9F865EAE1047}.Release|Mixed Platforms.ActiveCfg = Release|Any CPU
		{4420B4E5-9229-4C2E-B009-9F865EAE1047}.Release|Mixed Platforms.Build.0 = Release|Any CPU
		{4420B4E5-9229-4C2E-B009-9F865EAE1047}.Release|Win32.ActiveCfg = Release|Any CPU
		{4420B4E5-9229-4C2E-B009-9F865EAE1047}.Release|x64.ActiveCfg = Release|x64
		{4420B4E5-9229-4C2E-B009-9F865EAE1047}.Release|x64.Build.0 = Release|x64
		{4420B4E5-9229-4C2E-B009-9F865EAE1047}.Release|x86.ActiveCfg = Release|x86
		{4420B4E5-9229-4C2E-B009-9F865EAE1047}.Release|x86.Build.0 = Release|x86
		{E6867FF5-74EC-4464-8958-D71CB46232F3}.Debug|Any CPU.ActiveCfg = Debug|Any CPU
		{E6867FF5-74EC-4464-8958-D71CB46232F3}.Debug|Any CPU.Build.0 = Debug|Any CPU
		{E6867FF5-74EC-4464-8958-D71CB46232F3}.Debug|Mixed Platforms.ActiveCfg = Debug|Any CPU
		{E6867FF5-74EC-4464-8958-D71CB46232F3}.Debug|Mixed Platforms.Build.0 = Debug|Any CPU
		{E6867FF5-74EC-4464-8958-D71CB46232F3}.Debug|Win32.ActiveCfg = Debug|x86
		{E6867FF5-74EC-4464-8958-D71CB46232F3}.Debug|Win32.Build.0 = Debug|x86
		{E6867FF5-74EC-4464-8958-D71CB46232F3}.Debug|x64.ActiveCfg = Debug|x64
		{E6867FF5-74EC-4464-8958-D71CB46232F3}.Debug|x64.Build.0 = Debug|x64
		{E6867FF5-74EC-4464-8958-D71CB46232F3}.Debug|x86.ActiveCfg = Debug|x86
		{E6867FF5-74EC-4464-8958-D71CB46232F3}.Debug|x86.Build.0 = Debug|x86
		{E6867FF5-74EC-4464-8958-D71CB46232F3}.Debug64|Any CPU.ActiveCfg = Debug64|Any CPU
		{E6867FF5-74EC-4464-8958-D71CB46232F3}.Debug64|Any CPU.Build.0 = Debug64|Any CPU
		{E6867FF5-74EC-4464-8958-D71CB46232F3}.Debug64|Mixed Platforms.ActiveCfg = Debug64|x64
		{E6867FF5-74EC-4464-8958-D71CB46232F3}.Debug64|Mixed Platforms.Build.0 = Debug64|x64
		{E6867FF5-74EC-4464-8958-D71CB46232F3}.Debug64|Win32.ActiveCfg = Debug64|x64
		{E6867FF5-74EC-4464-8958-D71CB46232F3}.Debug64|x64.ActiveCfg = Debug64|x64
		{E6867FF5-74EC-4464-8958-D71CB46232F3}.Debug64|x64.Build.0 = Debug64|x64
		{E6867FF5-74EC-4464-8958-D71CB46232F3}.Debug64|x86.ActiveCfg = Debug64|x86
		{E6867FF5-74EC-4464-8958-D71CB46232F3}.Debug64|x86.Build.0 = Debug64|x86
		{E6867FF5-74EC-4464-8958-D71CB46232F3}.Release|Any CPU.ActiveCfg = Release|Any CPU
		{E6867FF5-74EC-4464-8958-D71CB46232F3}.Release|Any CPU.Build.0 = Release|Any CPU
		{E6867FF5-74EC-4464-8958-D71CB46232F3}.Release|Mixed Platforms.ActiveCfg = Release|Any CPU
		{E6867FF5-74EC-4464-8958-D71CB46232F3}.Release|Mixed Platforms.Build.0 = Release|Any CPU
		{E6867FF5-74EC-4464-8958-D71CB46232F3}.Release|Win32.ActiveCfg = Release|Any CPU
		{E6867FF5-74EC-4464-8958-D71CB46232F3}.Release|x64.ActiveCfg = Release|x64
		{E6867FF5-74EC-4464-8958-D71CB46232F3}.Release|x64.Build.0 = Release|x64
		{E6867FF5-74EC-4464-8958-D71CB46232F3}.Release|x86.ActiveCfg = Release|x86
		{E6867FF5-74EC-4464-8958-D71CB46232F3}.Release|x86.Build.0 = Release|x86
		{7427C7A7-6CB0-4CB3-A0DB-F11603C5C29A}.Debug|Any CPU.ActiveCfg = Debug|Any CPU
		{7427C7A7-6CB0-4CB3-A0DB-F11603C5C29A}.Debug|Any CPU.Build.0 = Debug|Any CPU
		{7427C7A7-6CB0-4CB3-A0DB-F11603C5C29A}.Debug|Mixed Platforms.ActiveCfg = Debug|Any CPU
		{7427C7A7-6CB0-4CB3-A0DB-F11603C5C29A}.Debug|Mixed Platforms.Build.0 = Debug|Any CPU
		{7427C7A7-6CB0-4CB3-A0DB-F11603C5C29A}.Debug|Win32.ActiveCfg = Debug|x86
		{7427C7A7-6CB0-4CB3-A0DB-F11603C5C29A}.Debug|Win32.Build.0 = Debug|x86
		{7427C7A7-6CB0-4CB3-A0DB-F11603C5C29A}.Debug|x64.ActiveCfg = Debug|x64
		{7427C7A7-6CB0-4CB3-A0DB-F11603C5C29A}.Debug|x64.Build.0 = Debug|x64
		{7427C7A7-6CB0-4CB3-A0DB-F11603C5C29A}.Debug|x86.ActiveCfg = Debug|x86
		{7427C7A7-6CB0-4CB3-A0DB-F11603C5C29A}.Debug|x86.Build.0 = Debug|x86
		{7427C7A7-6CB0-4CB3-A0DB-F11603C5C29A}.Debug64|Any CPU.ActiveCfg = Debug64|Any CPU
		{7427C7A7-6CB0-4CB3-A0DB-F11603C5C29A}.Debug64|Any CPU.Build.0 = Debug64|Any CPU
		{7427C7A7-6CB0-4CB3-A0DB-F11603C5C29A}.Debug64|Mixed Platforms.ActiveCfg = Debug64|x64
		{7427C7A7-6CB0-4CB3-A0DB-F11603C5C29A}.Debug64|Mixed Platforms.Build.0 = Debug64|x64
		{7427C7A7-6CB0-4CB3-A0DB-F11603C5C29A}.Debug64|Win32.ActiveCfg = Debug64|x64
		{7427C7A7-6CB0-4CB3-A0DB-F11603C5C29A}.Debug64|x64.ActiveCfg = Debug64|x64
		{7427C7A7-6CB0-4CB3-A0DB-F11603C5C29A}.Debug64|x64.Build.0 = Debug64|x64
		{7427C7A7-6CB0-4CB3-A0DB-F11603C5C29A}.Debug64|x86.ActiveCfg = Debug64|x86
		{7427C7A7-6CB0-4CB3-A0DB-F11603C5C29A}.Debug64|x86.Build.0 = Debug64|x86
		{7427C7A7-6CB0-4CB3-A0DB-F11603C5C29A}.Release|Any CPU.ActiveCfg = Release|Any CPU
		{7427C7A7-6CB0-4CB3-A0DB-F11603C5C29A}.Release|Any CPU.Build.0 = Release|Any CPU
		{7427C7A7-6CB0-4CB3-A0DB-F11603C5C29A}.Release|Mixed Platforms.ActiveCfg = Release|Any CPU
		{7427C7A7-6CB0-4CB3-A0DB-F11603C5C29A}.Release|Mixed Platforms.Build.0 = Release|Any CPU
		{7427C7A7-6CB0-4CB3-A0DB-F11603C5C29A}.Release|Win32.ActiveCfg = Release|Any CPU
		{7427C7A7-6CB0-4CB3-A0DB-F11603C5C29A}.Release|x64.ActiveCfg = Release|x64
		{7427C7A7-6CB0-4CB3-A0DB-F11603C5C29A}.Release|x64.Build.0 = Release|x64
		{7427C7A7-6CB0-4CB3-A0DB-F11603C5C29A}.Release|x86.ActiveCfg = Release|x86
		{7427C7A7-6CB0-4CB3-A0DB-F11603C5C29A}.Release|x86.Build.0 = Release|x86
		{B3EE07EB-CB67-4BBF-9B2B-E1F82F1C3EBC}.Debug|Any CPU.ActiveCfg = Debug|x64
		{B3EE07EB-CB67-4BBF-9B2B-E1F82F1C3EBC}.Debug|Mixed Platforms.ActiveCfg = Debug|x64
		{B3EE07EB-CB67-4BBF-9B2B-E1F82F1C3EBC}.Debug|Mixed Platforms.Build.0 = Debug|x64
		{B3EE07EB-CB67-4BBF-9B2B-E1F82F1C3EBC}.Debug|Win32.ActiveCfg = Debug|Win32
		{B3EE07EB-CB67-4BBF-9B2B-E1F82F1C3EBC}.Debug|Win32.Build.0 = Debug|Win32
		{B3EE07EB-CB67-4BBF-9B2B-E1F82F1C3EBC}.Debug|x64.ActiveCfg = Debug|x64
		{B3EE07EB-CB67-4BBF-9B2B-E1F82F1C3EBC}.Debug|x86.ActiveCfg = Debug|Win32
		{B3EE07EB-CB67-4BBF-9B2B-E1F82F1C3EBC}.Debug|x86.Build.0 = Debug|Win32
		{B3EE07EB-CB67-4BBF-9B2B-E1F82F1C3EBC}.Debug64|Any CPU.ActiveCfg = Debug64|x64
		{B3EE07EB-CB67-4BBF-9B2B-E1F82F1C3EBC}.Debug64|Mixed Platforms.ActiveCfg = Debug64|x64
		{B3EE07EB-CB67-4BBF-9B2B-E1F82F1C3EBC}.Debug64|Mixed Platforms.Build.0 = Debug64|x64
		{B3EE07EB-CB67-4BBF-9B2B-E1F82F1C3EBC}.Debug64|Win32.ActiveCfg = Debug64|Win32
		{B3EE07EB-CB67-4BBF-9B2B-E1F82F1C3EBC}.Debug64|x64.ActiveCfg = Debug64|x64
		{B3EE07EB-CB67-4BBF-9B2B-E1F82F1C3EBC}.Debug64|x64.Build.0 = Debug64|x64
		{B3EE07EB-CB67-4BBF-9B2B-E1F82F1C3EBC}.Debug64|x86.ActiveCfg = Debug64|Win32
		{B3EE07EB-CB67-4BBF-9B2B-E1F82F1C3EBC}.Debug64|x86.Build.0 = Debug64|Win32
		{B3EE07EB-CB67-4BBF-9B2B-E1F82F1C3EBC}.Release|Any CPU.ActiveCfg = Release|Win32
		{B3EE07EB-CB67-4BBF-9B2B-E1F82F1C3EBC}.Release|Mixed Platforms.ActiveCfg = Release|Win32
		{B3EE07EB-CB67-4BBF-9B2B-E1F82F1C3EBC}.Release|Mixed Platforms.Build.0 = Release|Win32
		{B3EE07EB-CB67-4BBF-9B2B-E1F82F1C3EBC}.Release|Win32.ActiveCfg = Release|Win32
		{B3EE07EB-CB67-4BBF-9B2B-E1F82F1C3EBC}.Release|Win32.Build.0 = Release|Win32
		{B3EE07EB-CB67-4BBF-9B2B-E1F82F1C3EBC}.Release|x64.ActiveCfg = Release|x64
		{B3EE07EB-CB67-4BBF-9B2B-E1F82F1C3EBC}.Release|x86.ActiveCfg = Release|Win32
		{B3EE07EB-CB67-4BBF-9B2B-E1F82F1C3EBC}.Release|x86.Build.0 = Release|Win32
		{2F1B86EE-9A7F-4948-B15A-C123CCD57EF5}.Debug|Any CPU.ActiveCfg = Debug|Any CPU
		{2F1B86EE-9A7F-4948-B15A-C123CCD57EF5}.Debug|Any CPU.Build.0 = Debug|Any CPU
		{2F1B86EE-9A7F-4948-B15A-C123CCD57EF5}.Debug|Mixed Platforms.ActiveCfg = Debug|Any CPU
		{2F1B86EE-9A7F-4948-B15A-C123CCD57EF5}.Debug|Mixed Platforms.Build.0 = Debug|Any CPU
		{2F1B86EE-9A7F-4948-B15A-C123CCD57EF5}.Debug|Win32.ActiveCfg = Debug|x86
		{2F1B86EE-9A7F-4948-B15A-C123CCD57EF5}.Debug|Win32.Build.0 = Debug|x86
		{2F1B86EE-9A7F-4948-B15A-C123CCD57EF5}.Debug|x64.ActiveCfg = Debug|x64
		{2F1B86EE-9A7F-4948-B15A-C123CCD57EF5}.Debug|x64.Build.0 = Debug|x64
		{2F1B86EE-9A7F-4948-B15A-C123CCD57EF5}.Debug|x86.ActiveCfg = Debug|x86
		{2F1B86EE-9A7F-4948-B15A-C123CCD57EF5}.Debug|x86.Build.0 = Debug|x86
		{2F1B86EE-9A7F-4948-B15A-C123CCD57EF5}.Debug64|Any CPU.ActiveCfg = Debug64|Any CPU
		{2F1B86EE-9A7F-4948-B15A-C123CCD57EF5}.Debug64|Any CPU.Build.0 = Debug64|Any CPU
		{2F1B86EE-9A7F-4948-B15A-C123CCD57EF5}.Debug64|Mixed Platforms.ActiveCfg = Debug64|x64
		{2F1B86EE-9A7F-4948-B15A-C123CCD57EF5}.Debug64|Mixed Platforms.Build.0 = Debug64|x64
		{2F1B86EE-9A7F-4948-B15A-C123CCD57EF5}.Debug64|Win32.ActiveCfg = Debug64|x64
		{2F1B86EE-9A7F-4948-B15A-C123CCD57EF5}.Debug64|x64.ActiveCfg = Debug64|x64
		{2F1B86EE-9A7F-4948-B15A-C123CCD57EF5}.Debug64|x64.Build.0 = Debug64|x64
		{2F1B86EE-9A7F-4948-B15A-C123CCD57EF5}.Debug64|x86.ActiveCfg = Debug64|x86
		{2F1B86EE-9A7F-4948-B15A-C123CCD57EF5}.Debug64|x86.Build.0 = Debug64|x86
		{2F1B86EE-9A7F-4948-B15A-C123CCD57EF5}.Release|Any CPU.ActiveCfg = Release|Any CPU
		{2F1B86EE-9A7F-4948-B15A-C123CCD57EF5}.Release|Any CPU.Build.0 = Release|Any CPU
		{2F1B86EE-9A7F-4948-B15A-C123CCD57EF5}.Release|Mixed Platforms.ActiveCfg = Release|Any CPU
		{2F1B86EE-9A7F-4948-B15A-C123CCD57EF5}.Release|Mixed Platforms.Build.0 = Release|Any CPU
		{2F1B86EE-9A7F-4948-B15A-C123CCD57EF5}.Release|Win32.ActiveCfg = Release|Any CPU
		{2F1B86EE-9A7F-4948-B15A-C123CCD57EF5}.Release|x64.ActiveCfg = Release|x64
		{2F1B86EE-9A7F-4948-B15A-C123CCD57EF5}.Release|x64.Build.0 = Release|x64
		{2F1B86EE-9A7F-4948-B15A-C123CCD57EF5}.Release|x86.ActiveCfg = Release|x86
		{2F1B86EE-9A7F-4948-B15A-C123CCD57EF5}.Release|x86.Build.0 = Release|x86
		{9D4763DA-25F6-4339-A584-669ECAFDBABE}.Debug|Any CPU.ActiveCfg = Debug|Any CPU
		{9D4763DA-25F6-4339-A584-669ECAFDBABE}.Debug|Any CPU.Build.0 = Debug|Any CPU
		{9D4763DA-25F6-4339-A584-669ECAFDBABE}.Debug|Mixed Platforms.ActiveCfg = Debug|Any CPU
		{9D4763DA-25F6-4339-A584-669ECAFDBABE}.Debug|Mixed Platforms.Build.0 = Debug|Any CPU
		{9D4763DA-25F6-4339-A584-669ECAFDBABE}.Debug|Win32.ActiveCfg = Debug|x86
		{9D4763DA-25F6-4339-A584-669ECAFDBABE}.Debug|Win32.Build.0 = Debug|x86
		{9D4763DA-25F6-4339-A584-669ECAFDBABE}.Debug|x64.ActiveCfg = Debug|x64
		{9D4763DA-25F6-4339-A584-669ECAFDBABE}.Debug|x64.Build.0 = Debug|x64
		{9D4763DA-25F6-4339-A584-669ECAFDBABE}.Debug|x86.ActiveCfg = Debug|x86
		{9D4763DA-25F6-4339-A584-669ECAFDBABE}.Debug|x86.Build.0 = Debug|x86
		{9D4763DA-25F6-4339-A584-669ECAFDBABE}.Debug64|Any CPU.ActiveCfg = Debug64|Any CPU
		{9D4763DA-25F6-4339-A584-669ECAFDBABE}.Debug64|Any CPU.Build.0 = Debug64|Any CPU
		{9D4763DA-25F6-4339-A584-669ECAFDBABE}.Debug64|Mixed Platforms.ActiveCfg = Debug64|x86
		{9D4763DA-25F6-4339-A584-669ECAFDBABE}.Debug64|Mixed Platforms.Build.0 = Debug64|x86
		{9D4763DA-25F6-4339-A584-669ECAFDBABE}.Debug64|Win32.ActiveCfg = Debug64|x86
		{9D4763DA-25F6-4339-A584-669ECAFDBABE}.Debug64|Win32.Build.0 = Debug64|x86
		{9D4763DA-25F6-4339-A584-669ECAFDBABE}.Debug64|x64.ActiveCfg = Debug64|x64
		{9D4763DA-25F6-4339-A584-669ECAFDBABE}.Debug64|x64.Build.0 = Debug64|x64
		{9D4763DA-25F6-4339-A584-669ECAFDBABE}.Debug64|x86.ActiveCfg = Debug64|x86
		{9D4763DA-25F6-4339-A584-669ECAFDBABE}.Debug64|x86.Build.0 = Debug64|x86
		{9D4763DA-25F6-4339-A584-669ECAFDBABE}.Release|Any CPU.ActiveCfg = Release|Any CPU
		{9D4763DA-25F6-4339-A584-669ECAFDBABE}.Release|Any CPU.Build.0 = Release|Any CPU
		{9D4763DA-25F6-4339-A584-669ECAFDBABE}.Release|Mixed Platforms.ActiveCfg = Release|x86
		{9D4763DA-25F6-4339-A584-669ECAFDBABE}.Release|Mixed Platforms.Build.0 = Release|x86
		{9D4763DA-25F6-4339-A584-669ECAFDBABE}.Release|Win32.ActiveCfg = Release|x86
		{9D4763DA-25F6-4339-A584-669ECAFDBABE}.Release|Win32.Build.0 = Release|x86
		{9D4763DA-25F6-4339-A584-669ECAFDBABE}.Release|x64.ActiveCfg = Release|x64
		{9D4763DA-25F6-4339-A584-669ECAFDBABE}.Release|x64.Build.0 = Release|x64
		{9D4763DA-25F6-4339-A584-669ECAFDBABE}.Release|x86.ActiveCfg = Release|x86
		{9D4763DA-25F6-4339-A584-669ECAFDBABE}.Release|x86.Build.0 = Release|x86
		{CB80D034-8602-4FDE-AF02-B1A2975C17A5}.Debug|Any CPU.ActiveCfg = Debug|Any CPU
		{CB80D034-8602-4FDE-AF02-B1A2975C17A5}.Debug|Any CPU.Build.0 = Debug|Any CPU
		{CB80D034-8602-4FDE-AF02-B1A2975C17A5}.Debug|Mixed Platforms.ActiveCfg = Debug|x86
		{CB80D034-8602-4FDE-AF02-B1A2975C17A5}.Debug|Mixed Platforms.Build.0 = Debug|x86
		{CB80D034-8602-4FDE-AF02-B1A2975C17A5}.Debug|Win32.ActiveCfg = Debug|x86
		{CB80D034-8602-4FDE-AF02-B1A2975C17A5}.Debug|Win32.Build.0 = Debug|x86
		{CB80D034-8602-4FDE-AF02-B1A2975C17A5}.Debug|x64.ActiveCfg = Debug|x64
		{CB80D034-8602-4FDE-AF02-B1A2975C17A5}.Debug|x64.Build.0 = Debug|x64
		{CB80D034-8602-4FDE-AF02-B1A2975C17A5}.Debug|x86.ActiveCfg = Debug|x86
		{CB80D034-8602-4FDE-AF02-B1A2975C17A5}.Debug|x86.Build.0 = Debug|x86
		{CB80D034-8602-4FDE-AF02-B1A2975C17A5}.Debug64|Any CPU.ActiveCfg = Debug64|Any CPU
		{CB80D034-8602-4FDE-AF02-B1A2975C17A5}.Debug64|Any CPU.Build.0 = Debug64|Any CPU
		{CB80D034-8602-4FDE-AF02-B1A2975C17A5}.Debug64|Mixed Platforms.ActiveCfg = Debug64|x86
		{CB80D034-8602-4FDE-AF02-B1A2975C17A5}.Debug64|Mixed Platforms.Build.0 = Debug64|x86
		{CB80D034-8602-4FDE-AF02-B1A2975C17A5}.Debug64|Win32.ActiveCfg = Debug64|x86
		{CB80D034-8602-4FDE-AF02-B1A2975C17A5}.Debug64|Win32.Build.0 = Debug64|x86
		{CB80D034-8602-4FDE-AF02-B1A2975C17A5}.Debug64|x64.ActiveCfg = Debug64|x64
		{CB80D034-8602-4FDE-AF02-B1A2975C17A5}.Debug64|x64.Build.0 = Debug64|x64
		{CB80D034-8602-4FDE-AF02-B1A2975C17A5}.Debug64|x86.ActiveCfg = Debug64|x86
		{CB80D034-8602-4FDE-AF02-B1A2975C17A5}.Debug64|x86.Build.0 = Debug64|x86
		{CB80D034-8602-4FDE-AF02-B1A2975C17A5}.Release|Any CPU.ActiveCfg = Release|Any CPU
		{CB80D034-8602-4FDE-AF02-B1A2975C17A5}.Release|Any CPU.Build.0 = Release|Any CPU
		{CB80D034-8602-4FDE-AF02-B1A2975C17A5}.Release|Mixed Platforms.ActiveCfg = Release|x86
		{CB80D034-8602-4FDE-AF02-B1A2975C17A5}.Release|Mixed Platforms.Build.0 = Release|x86
		{CB80D034-8602-4FDE-AF02-B1A2975C17A5}.Release|Win32.ActiveCfg = Release|x86
		{CB80D034-8602-4FDE-AF02-B1A2975C17A5}.Release|Win32.Build.0 = Release|x86
		{CB80D034-8602-4FDE-AF02-B1A2975C17A5}.Release|x64.ActiveCfg = Release|x64
		{CB80D034-8602-4FDE-AF02-B1A2975C17A5}.Release|x64.Build.0 = Release|x64
		{CB80D034-8602-4FDE-AF02-B1A2975C17A5}.Release|x86.ActiveCfg = Release|x86
		{CB80D034-8602-4FDE-AF02-B1A2975C17A5}.Release|x86.Build.0 = Release|x86
	EndGlobalSection
	GlobalSection(SolutionProperties) = preSolution
		HideSolutionNode = FALSE
	EndGlobalSection
	GlobalSection(ExtensibilityGlobals) = postSolution
		VisualSVNWorkingCopyRoot = .
	EndGlobalSection
EndGlobal
